# This file is autogenerated, do not edit; changes may be undone by the next 'dep ensure'.


[[projects]]
  digest = "1:cf84c1cf34b76875b25f45cbffd95ca409cdf370473a6caa078abc16db06484a"
  name = "github.com/Jeffail/gabs"
  packages = ["."]
  pruneopts = "UT"
  revision = "7a0fed31069aba77993a518cc2f37b28ee7aa883"
  version = "1.1"

[[projects]]
  branch = "master"
  digest = "1:efe0c9dfa22caa2e7fa4bfec47f3933ec2ac9b809e8cb05446b08e196adaccff"
  name = "github.com/badoux/goscraper"
  packages = ["."]
  pruneopts = "UT"
  revision = "0213ced7087832e81e8892e8d044150cfc153856"

[[projects]]
  branch = "master"
  digest = "1:3fa672dd1c2dca4336f0309e2240b4e437a3ab4cc93cc116a9e1fe700093e300"
  name = "github.com/dyatlov/go-oembed"
  packages = ["oembed"]
  pruneopts = "UT"
  revision = "4bc5ab7a42e91e45e957f9b0c47f911efed16710"

[[projects]]
  branch = "master"
  digest = "1:6bab46a020b433450836f84254204364dbce7da8fd944a8c2c40e294b4160826"
  name = "golang.org/x/net"
  packages = [
    "html",
    "html/atom",
    "html/charset",
  ]
  pruneopts = "UT"
  revision = "d0887baf81f4598189d4e12a37c6da86f0bba4d0"

[[projects]]
  digest = "1:00b52d21f87065cee85096f07ba40957cc53719145c224da5f5d113669868213"
  name = "golang.org/x/text"
  packages = [
    "encoding",
    "encoding/charmap",
    "encoding/htmlindex",
    "encoding/internal",
    "encoding/internal/identifier",
    "encoding/japanese",
    "encoding/korean",
    "encoding/simplifiedchinese",
    "encoding/traditionalchinese",
    "encoding/unicode",
    "internal/gen",
    "internal/tag",
    "internal/utf8internal",
    "language",
    "runes",
    "transform",
    "unicode/cldr",
  ]
  pruneopts = "UT"
  revision = "f21a4dfb5e38f5895301dc265a8def02365cc3d0"
  version = "v0.3.0"

[solve-meta]
  analyzer-name = "dep"
  analyzer-version = 1
  input-imports = [
    "github.com/badoux/goscraper",
    "github.com/dyatlov/go-oembed/oembed",
  ]
  solver-name = "gps-cdcl"
  solver-version = 1
